# This file is automatically @generated by Cargo.
# It is not intended for manual editing.
version = 3

[[package]]
name = "Gleipnir01"
version = "0.1.0"
dependencies = [
 "configparser",
]

[[package]]
name = "configparser"
version = "2.1.0"
source = "registry+https://github.com/rust-lang/crates.io-index"
checksum = "f7201ee416d124d589a820111ba755930df8b75855321a9a1b87312a0597ec8f"
